// !$*UTF8*$!
{
	archiveVersion = 1;
	classes = {
	};
	objectVersion = 46;
	objects = {

/* Begin PBXBuildFile section */
		4AAF50571F2A560E00B764E3 /* AddClassViewController.swift in Sources */ = {isa = PBXBuildFile; fileRef = 4AAF50561F2A560E00B764E3 /* AddClassViewController.swift */; };
		4AAF50591F2A57CE00B764E3 /* GPAListModel.swift in Sources */ = {isa = PBXBuildFile; fileRef = 4AAF50581F2A57CE00B764E3 /* GPAListModel.swift */; };
		4AAF505B1F2A57F500B764E3 /* EditOldGPAViewController.swift in Sources */ = {isa = PBXBuildFile; fileRef = 4AAF505A1F2A57F500B764E3 /* EditOldGPAViewController.swift */; };
		4AAF505D1F2A986F00B764E3 /* AddClassModel.swift in Sources */ = {isa = PBXBuildFile; fileRef = 4AAF505C1F2A986F00B764E3 /* AddClassModel.swift */; };
		4AAF505F1F2B830500B764E3 /* GPATableViewCell.swift in Sources */ = {isa = PBXBuildFile; fileRef = 4AAF505E1F2B830500B764E3 /* GPATableViewCell.swift */; };
		4AF3A2381F268FF30060AE36 /* AppDelegate.swift in Sources */ = {isa = PBXBuildFile; fileRef = 4AF3A2371F268FF30060AE36 /* AppDelegate.swift */; };
		4AF3A23A1F268FF30060AE36 /* GPAListViewController.swift in Sources */ = {isa = PBXBuildFile; fileRef = 4AF3A2391F268FF30060AE36 /* GPAListViewController.swift */; };
		4AF3A23D1F268FF30060AE36 /* Main.storyboard in Resources */ = {isa = PBXBuildFile; fileRef = 4AF3A23B1F268FF30060AE36 /* Main.storyboard */; };
		4AF3A23F1F268FF30060AE36 /* Assets.xcassets in Resources */ = {isa = PBXBuildFile; fileRef = 4AF3A23E1F268FF30060AE36 /* Assets.xcassets */; };
		4AF3A2421F268FF30060AE36 /* LaunchScreen.storyboard in Resources */ = {isa = PBXBuildFile; fileRef = 4AF3A2401F268FF30060AE36 /* LaunchScreen.storyboard */; };
/* End PBXBuildFile section */

/* Begin PBXFileReference section */
		4AAF50561F2A560E00B764E3 /* AddClassViewController.swift */ = {isa = PBXFileReference; fileEncoding = 4; lastKnownFileType = sourcecode.swift; path = AddClassViewController.swift; sourceTree = "<group>"; };
		4AAF50581F2A57CE00B764E3 /* GPAListModel.swift */ = {isa = PBXFileReference; fileEncoding = 4; lastKnownFileType = sourcecode.swift; path = GPAListModel.swift; sourceTree = "<group>"; };
		4AAF505A1F2A57F500B764E3 /* EditOldGPAViewController.swift */ = {isa = PBXFileReference; fileEncoding = 4; lastKnownFileType = sourcecode.swift; path = EditOldGPAViewController.swift; sourceTree = "<group>"; };
		4AAF505C1F2A986F00B764E3 /* AddClassModel.swift */ = {isa = PBXFileReference; fileEncoding = 4; lastKnownFileType = sourcecode.swift; path = AddClassModel.swift; sourceTree = "<group>"; };
		4AAF505E1F2B830500B764E3 /* GPATableViewCell.swift */ = {isa = PBXFileReference; fileEncoding = 4; lastKnownFileType = sourcecode.swift; path = GPATableViewCell.swift; sourceTree = "<group>"; };
		4AF3A2341F268FF30060AE36 /* final project.app */ = {isa = PBXFileReference; explicitFileType = wrapper.application; includeInIndex = 0; path = "final project.app"; sourceTree = BUILT_PRODUCTS_DIR; };
		4AF3A2371F268FF30060AE36 /* AppDelegate.swift */ = {isa = PBXFileReference; lastKnownFileType = sourcecode.swift; path = AppDelegate.swift; sourceTree = "<group>"; };
		4AF3A2391F268FF30060AE36 /* GPAListViewController.swift */ = {isa = PBXFileReference; lastKnownFileType = sourcecode.swift; path = GPAListViewController.swift; sourceTree = "<group>"; };
		4AF3A23C1F268FF30060AE36 /* Base */ = {isa = PBXFileReference; lastKnownFileType = file.storyboard; name = Base; path = Base.lproj/Main.storyboard; sourceTree = "<group>"; };
		4AF3A23E1F268FF30060AE36 /* Assets.xcassets */ = {isa = PBXFileReference; lastKnownFileType = folder.assetcatalog; path = Assets.xcassets; sourceTree = "<group>"; };
		4AF3A2411F268FF30060AE36 /* Base */ = {isa = PBXFileReference; lastKnownFileType = file.storyboard; name = Base; path = Base.lproj/LaunchScreen.storyboard; sourceTree = "<group>"; };
		4AF3A2431F268FF30060AE36 /* Info.plist */ = {isa = PBXFileReference; lastKnownFileType = text.plist.xml; path = Info.plist; sourceTree = "<group>"; };
/* End PBXFileReference section */

/* Begin PBXFrameworksBuildPhase section */
		4AF3A2311F268FF30060AE36 /* Frameworks */ = {
			isa = PBXFrameworksBuildPhase;
			buildActionMask = 2147483647;
			files = (
			);
			runOnlyForDeploymentPostprocessing = 0;
		};
/* End PBXFrameworksBuildPhase section */

/* Begin PBXGroup section */
		4AF3A22B1F268FF30060AE36 = {
			isa = PBXGroup;
			children = (
				4AF3A2361F268FF30060AE36 /* final project */,
				4AF3A2351F268FF30060AE36 /* Products */,
			);
			sourceTree = "<group>";
		};
		4AF3A2351F268FF30060AE36 /* Products */ = {
			isa = PBXGroup;
			children = (
				4AF3A2341F268FF30060AE36 /* final project.app */,
			);
			name = Products;
			sourceTree = "<group>";
		};
		4AF3A2361F268FF30060AE36 /* final project */ = {
			isa = PBXGroup;
			children = (
				4AF3A2491F2690550060AE36 /* Supporting Files */,
				4AF3A2391F268FF30060AE36 /* GPAListViewController.swift */,
				4AAF50581F2A57CE00B764E3 /* GPAListModel.swift */,
				4AAF505E1F2B830500B764E3 /* GPATableViewCell.swift */,
				4AAF50561F2A560E00B764E3 /* AddClassViewController.swift */,
				4AAF505C1F2A986F00B764E3 /* AddClassModel.swift */,
				4AAF505A1F2A57F500B764E3 /* EditOldGPAViewController.swift */,
				4AF3A23B1F268FF30060AE36 /* Main.storyboard */,
			);
			path = "final project";
			sourceTree = "<group>";
		};
		4AF3A2491F2690550060AE36 /* Supporting Files */ = {
			isa = PBXGroup;
			children = (
				4AF3A2371F268FF30060AE36 /* AppDelegate.swift */,
				4AF3A23E1F268FF30060AE36 /* Assets.xcassets */,
				4AF3A2401F268FF30060AE36 /* LaunchScreen.storyboard */,
				4AF3A2431F268FF30060AE36 /* Info.plist */,
			);
			name = "Supporting Files";
			sourceTree = "<group>";
		};
/* End PBXGroup section */

/* Begin PBXNativeTarget section */
		4AF3A2331F268FF30060AE36 /* final project */ = {
			isa = PBXNativeTarget;
			buildConfigurationList = 4AF3A2461F268FF30060AE36 /* Build configuration list for PBXNativeTarget "final project" */;
			buildPhases = (
				4AF3A2301F268FF30060AE36 /* Sources */,
				4AF3A2311F268FF30060AE36 /* Frameworks */,
				4AF3A2321F268FF30060AE36 /* Resources */,
			);
			buildRules = (
			);
			dependencies = (
			);
			name = "final project";
			productName = "final project";
			productReference = 4AF3A2341F268FF30060AE36 /* final project.app */;
			productType = "com.apple.product-type.application";
		};
/* End PBXNativeTarget section */

/* Begin PBXProject section */
		4AF3A22C1F268FF30060AE36 /* Project object */ = {
			isa = PBXProject;
			attributes = {
				LastSwiftUpdateCheck = 0820;
				LastUpgradeCheck = 0820;
				ORGANIZATIONNAME = bdsc7d;
				TargetAttributes = {
					4AF3A2331F268FF30060AE36 = {
						CreatedOnToolsVersion = 8.2;
						ProvisioningStyle = Automatic;
					};
				};
			};
			buildConfigurationList = 4AF3A22F1F268FF30060AE36 /* Build configuration list for PBXProject "final project" */;
			compatibilityVersion = "Xcode 3.2";
			developmentRegion = English;
			hasScannedForEncodings = 0;
			knownRegions = (
				en,
				Base,
			);
			mainGroup = 4AF3A22B1F268FF30060AE36;
			productRefGroup = 4AF3A2351F268FF30060AE36 /* Products */;
			projectDirPath = "";
			projectRoot = "";
			targets = (
				4AF3A2331F268FF30060AE36 /* final project */,
			);
		};
/* End PBXProject section */

/* Begin PBXResourcesBuildPhase section */
		4AF3A2321F268FF30060AE36 /* Resources */ = {
			isa = PBXResourcesBuildPhase;
			buildActionMask = 2147483647;
			files = (
				4AF3A2421F268FF30060AE36 /* LaunchScreen.storyboard in Resources */,
				4AF3A23F1F268FF30060AE36 /* Assets.xcassets in Resources */,
				4AF3A23D1F268FF30060AE36 /* Main.storyboard in Resources */,
			);
			runOnlyForDeploymentPostprocessing = 0;
		};
/* End PBXResourcesBuildPhase section */

/* Begin PBXSourcesBuildPhase section */
		4AF3A2301F268FF30060AE36 /* Sources */ = {
			isa = PBXSourcesBuildPhase;
			buildActionMask = 2147483647;
			files = (
				4AF3A23A1F268FF30060AE36 /* GPAListViewController.swift in Sources */,
				4AAF50571F2A560E00B764E3 /* AddClassViewController.swift in Sources */,
				4AAF505D1F2A986F00B764E3 /* AddClassModel.swift in Sources */,
				4AAF505F1F2B830500B764E3 /* GPATableViewCell.swift in Sources */,
				4AAF50591F2A57CE00B764E3 /* GPAListModel.swift in Sources */,
				4AF3A2381F268FF30060AE36 /* AppDelegate.swift in Sources */,
				4AAF505B1F2A57F500B764E3 /* EditOldGPAViewController.swift in Sources */,
			);
			runOnlyForDeploymentPostprocessing = 0;
		};
/* End PBXSourcesBuildPhase section */

/* Begin PBXVariantGroup section */
		4AF3A23B1F268FF30060AE36 /* Main.storyboard */ = {
			isa = PBXVariantGroup;
			children = (
				4AF3A23C1F268FF30060AE36 /* Base */,
			);
			name = Main.storyboard;
			sourceTree = "<group>";
		};
		4AF3A2401F268FF30060AE36 /* LaunchScreen.storyboard */ = {
			isa = PBXVariantGroup;
			children = (
				4AF3A2411F268FF30060AE36 /* Base */,
			);
			name = LaunchScreen.storyboard;
			sourceTree = "<group>";
		};
/* End PBXVariantGroup section */

/* Begin XCBuildConfiguration section */
		4AF3A2441F268FF30060AE36 /* Debug */ = {
			isa = XCBuildConfiguration;
			buildSettings = {
				ALWAYS_SEARCH_USER_PATHS = NO;
				CLANG_ANALYZER_NONNULL = YES;
				CLANG_CXX_LANGUAGE_STANDARD = "gnu++0x";
				CLANG_CXX_LIBRARY = "libc++";
				CLANG_ENABLE_MODULES = YES;
				CLANG_ENABLE_OBJC_ARC = YES;
				CLANG_WARN_BOOL_CONVERSION = YES;
				CLANG_WARN_CONSTANT_CONVERSION = YES;
				CLANG_WARN_DIRECT_OBJC_ISA_USAGE = YES_ERROR;
				CLANG_WARN_DOCUMENTATION_COMMENTS = YES;
				CLANG_WARN_EMPTY_BODY = YES;
				CLANG_WARN_ENUM_CONVERSION = YES;
				CLANG_WARN_INFINITE_RECURSION = YES;
				CLANG_WARN_INT_CONVERSION = YES;
				CLANG_WARN_OBJC_ROOT_CLASS = YES_ERROR;
				CLANG_WARN_SUSPICIOUS_MOVE = YES;
				CLANG_WARN_UNREACHABLE_CODE = YES;
				CLANG_WARN__DUPLICATE_METHOD_MATCH = YES;
				"CODE_SIGN_IDENTITY[sdk=iphoneos*]" = "iPhone Developer";
				COPY_PHASE_STRIP = NO;
				DEBUG_INFORMATION_FORMAT = dwarf;
				ENABLE_STRICT_OBJC_MSGSEND = YES;
				ENABLE_TESTABILITY = YES;
				GCC_C_LANGUAGE_STANDARD = gnu99;
				GCC_DYNAMIC_NO_PIC = NO;
				GCC_NO_COMMON_BLOCKS = YES;
				GCC_OPTIMIZATION_LEVEL = 0;
				GCC_PREPROCESSOR_DEFINITIONS = (
					"DEBUG=1",
					"$(inherited)",
				);
				GCC_WARN_64_TO_32_BIT_CONVERSION = YES;
				GCC_WARN_ABOUT_RETURN_TYPE = YES_ERROR;
				GCC_WARN_UNDECLARED_SELECTOR = YES;
				GCC_WARN_UNINITIALIZED_AUTOS = YES_AGGRESSIVE;
				GCC_WARN_UNUSED_FUNCTION = YES;
				GCC_WARN_UNUSED_VARIABLE = YES;
				IPHONEOS_DEPLOYMENT_TARGET = 10.2;
				MTL_ENABLE_DEBUG_INFO = YES;
				ONLY_ACTIVE_ARCH = YES;
				SDKROOT = iphoneos;
				SWIFT_ACTIVE_COMPILATION_CONDITIONS = DEBUG;
				SWIFT_OPTIMIZATION_LEVEL = "-Onone";
				TARGETED_DEVICE_FAMILY = "1,2";
			};
			name = Debug;
		};
		4AF3A2451F268FF30060AE36 /* Release */ = {
			isa = XCBuildConfiguration;
			buildSettings = {
				ALWAYS_SEARCH_USER_PATHS = NO;
				CLANG_ANALYZER_NONNULL = YES;
				CLANG_CXX_LANGUAGE_STANDARD = "gnu++0x";
				CLANG_CXX_LIBRARY = "libc++";
				CLANG_ENABLE_MODULES = YES;
				CLANG_ENABLE_OBJC_ARC = YES;
				CLANG_WARN_BOOL_CONVERSION = YES;
				CLANG_WARN_CONSTANT_CONVERSION = YES;
				CLANG_WARN_DIRECT_OBJC_ISA_USAGE = YES_ERROR;
				CLANG_WARN_DOCUMENTATION_COMMENTS = YES;
				CLANG_WARN_EMPTY_BODY = YES;
				CLANG_WARN_ENUM_CONVERSION = YES;
				CLANG_WARN_INFINITE_RECURSION = YES;
				CLANG_WARN_INT_CONVERSION = YES;
				CLANG_WARN_OBJC_ROOT_CLASS = YES_ERROR;
				CLANG_WARN_SUSPICIOUS_MOVE = YES;
				CLANG_WARN_UNREACHABLE_CODE = YES;
				CLANG_WARN__DUPLICATE_METHOD_MATCH = YES;
				"CODE_SIGN_IDENTITY[sdk=iphoneos*]" = "iPhone Developer";
				COPY_PHASE_STRIP = NO;
				DEBUG_INFORMATION_FORMAT = "dwarf-with-dsym";
				ENABLE_NS_ASSERTIONS = NO;
				ENABLE_STRICT_OBJC_MSGSEND = YES;
				GCC_C_LANGUAGE_STANDARD = gnu99;
				GCC_NO_COMMON_BLOCKS = YES;
				GCC_WARN_64_TO_32_BIT_CONVERSION = YES;
				GCC_WARN_ABOUT_RETURN_TYPE = YES_ERROR;
				GCC_WARN_UNDECLARED_SELECTOR = YES;
				GCC_WARN_UNINITIALIZED_AUTOS = YES_AGGRESSIVE;
				GCC_WARN_UNUSED_FUNCTION = YES;
				GCC_WARN_UNUSED_VARIABLE = YES;
				IPHONEOS_DEPLOYMENT_TARGET = 10.2;
				MTL_ENABLE_DEBUG_INFO = NO;
				SDKROOT = iphoneos;
				SWIFT_OPTIMIZATION_LEVEL = "-Owholemodule";
				TARGETED_DEVICE_FAMILY = "1,2";
				VALIDATE_PRODUCT = YES;
			};
			name = Release;
		};
		4AF3A2471F268FF30060AE36 /* Debug */ = {
			isa = XCBuildConfiguration;
			buildSettings = {
				ASSETCATALOG_COMPILER_APPICON_NAME = AppIcon;
				INFOPLIST_FILE = "final project/Info.plist";
				LD_RUNPATH_SEARCH_PATHS = "$(inherited) @executable_path/Frameworks";
				PRODUCT_BUNDLE_IDENTIFIER = "bdsc7d.final-project";
				PRODUCT_NAME = "$(TARGET_NAME)";
				SWIFT_VERSION = 3.0;
			};
			name = Debug;
		};
		4AF3A2481F268FF30060AE36 /* Release */ = {
			isa = XCBuildConfiguration;
			buildSettings = {
				ASSETCATALOG_COMPILER_APPICON_NAME = AppIcon;
				INFOPLIST_FILE = "final project/Info.plist";
				LD_RUNPATH_SEARCH_PATHS = "$(inherited) @executable_path/Frameworks";
				PRODUCT_BUNDLE_IDENTIFIER = "bdsc7d.final-project";
				PRODUCT_NAME = "$(TARGET_NAME)";
				SWIFT_VERSION = 3.0;
			};
			name = Release;
		};
/* End XCBuildConfiguration section */

/* Begin XCConfigurationList section */
		4AF3A22F1F268FF30060AE36 /* Build configuration list for PBXProject "final project" */ = {
			isa = XCConfigurationList;
			buildConfigurations = (
				4AF3A2441F268FF30060AE36 /* Debug */,
				4AF3A2451F268FF30060AE36 /* Release */,
			);
			defaultConfigurationIsVisible = 0;
			defaultConfigurationName = Release;
		};
		4AF3A2461F268FF30060AE36 /* Build configuration list for PBXNativeTarget "final project" */ = {
			isa = XCConfigurationList;
			buildConfigurations = (
				4AF3A2471F268FF30060AE36 /* Debug */,
				4AF3A2481F268FF30060AE36 /* Release */,
			);
			defaultConfigurationIsVisible = 0;
			defaultConfigurationName = Release;
		};
/* End XCConfigurationList section */
	};
	rootObject = 4AF3A22C1F268FF30060AE36 /* Project object */;
}
